// !$*UTF8*$!
{
	archiveVersion = 1;
	classes = {
	};
	objectVersion = 50;
	objects = {

/* Begin PBXBuildFile section */
		AF149A432672286E005072EE /* MapView.swift in Sources */ = {isa = PBXBuildFile; fileRef = AF149A422672286E005072EE /* MapView.swift */; };
		AF149A46267241D9005072EE /* Publishers+keyboardHeight.swift in Sources */ = {isa = PBXBuildFile; fileRef = AF149A45267241D9005072EE /* Publishers+keyboardHeight.swift */; };
		AF149A4826724670005072EE /* ImageCacheManager.swift in Sources */ = {isa = PBXBuildFile; fileRef = AF149A4726724670005072EE /* ImageCacheManager.swift */; };
		AF149A4A26727669005072EE /* Colors.xcassets in Resources */ = {isa = PBXBuildFile; fileRef = AF149A4926727669005072EE /* Colors.xcassets */; };
		AF149A4C267279C9005072EE /* TextfieldPlaceholderModifier.swift in Sources */ = {isa = PBXBuildFile; fileRef = AF149A4B267279C9005072EE /* TextfieldPlaceholderModifier.swift */; };
		AF149A4E26731AC4005072EE /* Color+Assets.swift in Sources */ = {isa = PBXBuildFile; fileRef = AF149A4D26731AC4005072EE /* Color+Assets.swift */; };
		AF149A5026731F1A005072EE /* SearchField.swift in Sources */ = {isa = PBXBuildFile; fileRef = AF149A4F26731F1A005072EE /* SearchField.swift */; };
		AF149A5226732095005072EE /* CarDetailsScreen.swift in Sources */ = {isa = PBXBuildFile; fileRef = AF149A5126732095005072EE /* CarDetailsScreen.swift */; };
		AF149A5426733BB7005072EE /* PillsView.swift in Sources */ = {isa = PBXBuildFile; fileRef = AF149A5326733BB7005072EE /* PillsView.swift */; };
		AF149A5626735BB8005072EE /* QuickSearchList.swift in Sources */ = {isa = PBXBuildFile; fileRef = AF149A5526735BB8005072EE /* QuickSearchList.swift */; };
		AF149A5826737823005072EE /* CarPin.swift in Sources */ = {isa = PBXBuildFile; fileRef = AF149A5726737823005072EE /* CarPin.swift */; };
		AF9DF6E926713D8700382ED6 /* BottomSheetView.swift in Sources */ = {isa = PBXBuildFile; fileRef = AF9DF6E826713D8700382ED6 /* BottomSheetView.swift */; };
		AF9FF0812674CFC300C3C557 /* carMOTest.swift in Sources */ = {isa = PBXBuildFile; fileRef = AF9FF0802674CFC300C3C557 /* carMOTest.swift */; };
		AF9FF0822674D05D00C3C557 /* CarMO.swift in Sources */ = {isa = PBXBuildFile; fileRef = AFC4D7A3266FAFBF00AEB7AD /* CarMO.swift */; };
		AF9FF0842674D16900C3C557 /* CarRepoTest.swift in Sources */ = {isa = PBXBuildFile; fileRef = AF9FF0832674D16900C3C557 /* CarRepoTest.swift */; };
		AF9FF0852674D1C600C3C557 /* CarRepo.swift in Sources */ = {isa = PBXBuildFile; fileRef = AFC4D7A6266FB18D00AEB7AD /* CarRepo.swift */; };
		AF9FF0862674D22100C3C557 /* Service.swift in Sources */ = {isa = PBXBuildFile; fileRef = AFC4D7AC266FB56B00AEB7AD /* Service.swift */; };
		AF9FF0872674D7C400C3C557 /* CarService.swift in Sources */ = {isa = PBXBuildFile; fileRef = AFC4D7AF266FB80E00AEB7AD /* CarService.swift */; };
		AF9FF0882674D86A00C3C557 /* ApiClient.swift in Sources */ = {isa = PBXBuildFile; fileRef = AFC4D7AB266FB56B00AEB7AD /* ApiClient.swift */; };
		AF9FF08A2674E4B900C3C557 /* viewModelTests.swift in Sources */ = {isa = PBXBuildFile; fileRef = AF9FF0892674E4B900C3C557 /* viewModelTests.swift */; };
		AF9FF08D2674E61600C3C557 /* HomeScreen.swift in Sources */ = {isa = PBXBuildFile; fileRef = AFC4D7B3266FBFC400AEB7AD /* HomeScreen.swift */; };
		AF9FF08F2674E63F00C3C557 /* HomeViewModel.swift in Sources */ = {isa = PBXBuildFile; fileRef = AFC4D7B1266FBDB700AEB7AD /* HomeViewModel.swift */; };
		AFC4D776266FAF4A00AEB7AD /* SixtCarsApp.swift in Sources */ = {isa = PBXBuildFile; fileRef = AFC4D775266FAF4A00AEB7AD /* SixtCarsApp.swift */; };
		AFC4D778266FAF4A00AEB7AD /* ContentView.swift in Sources */ = {isa = PBXBuildFile; fileRef = AFC4D777266FAF4A00AEB7AD /* ContentView.swift */; };
		AFC4D77A266FAF4D00AEB7AD /* Assets.xcassets in Resources */ = {isa = PBXBuildFile; fileRef = AFC4D779266FAF4D00AEB7AD /* Assets.xcassets */; };
		AFC4D77D266FAF4D00AEB7AD /* Preview Assets.xcassets in Resources */ = {isa = PBXBuildFile; fileRef = AFC4D77C266FAF4D00AEB7AD /* Preview Assets.xcassets */; };
		AFC4D793266FAF4D00AEB7AD /* SixtCarsUITests.swift in Sources */ = {isa = PBXBuildFile; fileRef = AFC4D792266FAF4D00AEB7AD /* SixtCarsUITests.swift */; };
		AFC4D7A4266FAFBF00AEB7AD /* CarMO.swift in Sources */ = {isa = PBXBuildFile; fileRef = AFC4D7A3266FAFBF00AEB7AD /* CarMO.swift */; };
		AFC4D7A7266FB18D00AEB7AD /* CarRepo.swift in Sources */ = {isa = PBXBuildFile; fileRef = AFC4D7A6266FB18D00AEB7AD /* CarRepo.swift */; };
		AFC4D7AD266FB56B00AEB7AD /* ApiClient.swift in Sources */ = {isa = PBXBuildFile; fileRef = AFC4D7AB266FB56B00AEB7AD /* ApiClient.swift */; };
		AFC4D7AE266FB56B00AEB7AD /* Service.swift in Sources */ = {isa = PBXBuildFile; fileRef = AFC4D7AC266FB56B00AEB7AD /* Service.swift */; };
		AFC4D7B0266FB80E00AEB7AD /* CarService.swift in Sources */ = {isa = PBXBuildFile; fileRef = AFC4D7AF266FB80E00AEB7AD /* CarService.swift */; };
		AFC4D7B2266FBDB700AEB7AD /* HomeViewModel.swift in Sources */ = {isa = PBXBuildFile; fileRef = AFC4D7B1266FBDB700AEB7AD /* HomeViewModel.swift */; };
		AFE19AB6266FDBB3004ACEDA /* cars.json in Resources */ = {isa = PBXBuildFile; fileRef = AFE19AB5266FDBB3004ACEDA /* cars.json */; };
		AFE19ABA2670A6DB004ACEDA /* CarDisplay.swift in Sources */ = {isa = PBXBuildFile; fileRef = AFE19AB92670A6DB004ACEDA /* CarDisplay.swift */; };
		AFE19ABC2670A84A004ACEDA /* RemoteImage.swift in Sources */ = {isa = PBXBuildFile; fileRef = AFE19ABB2670A84A004ACEDA /* RemoteImage.swift */; };
/* End PBXBuildFile section */

/* Begin PBXContainerItemProxy section */
		AFC4D784266FAF4D00AEB7AD /* PBXContainerItemProxy */ = {
			isa = PBXContainerItemProxy;
			containerPortal = AFC4D76A266FAF4A00AEB7AD /* Project object */;
			proxyType = 1;
			remoteGlobalIDString = AFC4D771266FAF4A00AEB7AD;
			remoteInfo = SixtCars;
		};
		AFC4D78F266FAF4D00AEB7AD /* PBXContainerItemProxy */ = {
			isa = PBXContainerItemProxy;
			containerPortal = AFC4D76A266FAF4A00AEB7AD /* Project object */;
			proxyType = 1;
			remoteGlobalIDString = AFC4D771266FAF4A00AEB7AD;
			remoteInfo = SixtCars;
		};
/* End PBXContainerItemProxy section */

/* Begin PBXFileReference section */
		AF149A422672286E005072EE /* MapView.swift */ = {isa = PBXFileReference; lastKnownFileType = sourcecode.swift; path = MapView.swift; sourceTree = "<group>"; };
		AF149A45267241D9005072EE /* Publishers+keyboardHeight.swift */ = {isa = PBXFileReference; lastKnownFileType = sourcecode.swift; path = "Publishers+keyboardHeight.swift"; sourceTree = "<group>"; };
		AF149A4726724670005072EE /* ImageCacheManager.swift */ = {isa = PBXFileReference; lastKnownFileType = sourcecode.swift; path = ImageCacheManager.swift; sourceTree = "<group>"; };
		AF149A4926727669005072EE /* Colors.xcassets */ = {isa = PBXFileReference; lastKnownFileType = folder.assetcatalog; path = Colors.xcassets; sourceTree = "<group>"; };
		AF149A4B267279C9005072EE /* TextfieldPlaceholderModifier.swift */ = {isa = PBXFileReference; lastKnownFileType = sourcecode.swift; path = TextfieldPlaceholderModifier.swift; sourceTree = "<group>"; };
		AF149A4D26731AC4005072EE /* Color+Assets.swift */ = {isa = PBXFileReference; lastKnownFileType = sourcecode.swift; path = "Color+Assets.swift"; sourceTree = "<group>"; };
		AF149A4F26731F1A005072EE /* SearchField.swift */ = {isa = PBXFileReference; lastKnownFileType = sourcecode.swift; path = SearchField.swift; sourceTree = "<group>"; };
		AF149A5126732095005072EE /* CarDetailsScreen.swift */ = {isa = PBXFileReference; lastKnownFileType = sourcecode.swift; path = CarDetailsScreen.swift; sourceTree = "<group>"; };
		AF149A5326733BB7005072EE /* PillsView.swift */ = {isa = PBXFileReference; lastKnownFileType = sourcecode.swift; path = PillsView.swift; sourceTree = "<group>"; };
		AF149A5526735BB8005072EE /* QuickSearchList.swift */ = {isa = PBXFileReference; lastKnownFileType = sourcecode.swift; path = QuickSearchList.swift; sourceTree = "<group>"; };
		AF149A5726737823005072EE /* CarPin.swift */ = {isa = PBXFileReference; lastKnownFileType = sourcecode.swift; path = CarPin.swift; sourceTree = "<group>"; };
		AF9DF6E826713D8700382ED6 /* BottomSheetView.swift */ = {isa = PBXFileReference; lastKnownFileType = sourcecode.swift; path = BottomSheetView.swift; sourceTree = "<group>"; };
		AF9FF0802674CFC300C3C557 /* carMOTest.swift */ = {isa = PBXFileReference; lastKnownFileType = sourcecode.swift; path = carMOTest.swift; sourceTree = "<group>"; };
		AF9FF0832674D16900C3C557 /* CarRepoTest.swift */ = {isa = PBXFileReference; lastKnownFileType = sourcecode.swift; path = CarRepoTest.swift; sourceTree = "<group>"; };
		AF9FF0892674E4B900C3C557 /* viewModelTests.swift */ = {isa = PBXFileReference; lastKnownFileType = sourcecode.swift; path = viewModelTests.swift; sourceTree = "<group>"; };
		AFC4D772266FAF4A00AEB7AD /* SixtCars.app */ = {isa = PBXFileReference; explicitFileType = wrapper.application; includeInIndex = 0; path = SixtCars.app; sourceTree = BUILT_PRODUCTS_DIR; };
		AFC4D775266FAF4A00AEB7AD /* SixtCarsApp.swift */ = {isa = PBXFileReference; lastKnownFileType = sourcecode.swift; path = SixtCarsApp.swift; sourceTree = "<group>"; };
		AFC4D777266FAF4A00AEB7AD /* ContentView.swift */ = {isa = PBXFileReference; lastKnownFileType = sourcecode.swift; path = ContentView.swift; sourceTree = "<group>"; };
		AFC4D779266FAF4D00AEB7AD /* Assets.xcassets */ = {isa = PBXFileReference; lastKnownFileType = folder.assetcatalog; path = Assets.xcassets; sourceTree = "<group>"; };
		AFC4D77C266FAF4D00AEB7AD /* Preview Assets.xcassets */ = {isa = PBXFileReference; lastKnownFileType = folder.assetcatalog; path = "Preview Assets.xcassets"; sourceTree = "<group>"; };
		AFC4D77E266FAF4D00AEB7AD /* Info.plist */ = {isa = PBXFileReference; lastKnownFileType = text.plist.xml; path = Info.plist; sourceTree = "<group>"; };
		AFC4D783266FAF4D00AEB7AD /* SixtCarsTests.xctest */ = {isa = PBXFileReference; explicitFileType = wrapper.cfbundle; includeInIndex = 0; path = SixtCarsTests.xctest; sourceTree = BUILT_PRODUCTS_DIR; };
		AFC4D789266FAF4D00AEB7AD /* Info.plist */ = {isa = PBXFileReference; lastKnownFileType = text.plist.xml; path = Info.plist; sourceTree = "<group>"; };
		AFC4D78E266FAF4D00AEB7AD /* SixtCarsUITests.xctest */ = {isa = PBXFileReference; explicitFileType = wrapper.cfbundle; includeInIndex = 0; path = SixtCarsUITests.xctest; sourceTree = BUILT_PRODUCTS_DIR; };
		AFC4D792266FAF4D00AEB7AD /* SixtCarsUITests.swift */ = {isa = PBXFileReference; lastKnownFileType = sourcecode.swift; path = SixtCarsUITests.swift; sourceTree = "<group>"; };
		AFC4D794266FAF4D00AEB7AD /* Info.plist */ = {isa = PBXFileReference; lastKnownFileType = text.plist.xml; path = Info.plist; sourceTree = "<group>"; };
		AFC4D7A3266FAFBF00AEB7AD /* CarMO.swift */ = {isa = PBXFileReference; lastKnownFileType = sourcecode.swift; path = CarMO.swift; sourceTree = "<group>"; };
		AFC4D7A6266FB18D00AEB7AD /* CarRepo.swift */ = {isa = PBXFileReference; lastKnownFileType = sourcecode.swift; path = CarRepo.swift; sourceTree = "<group>"; };
		AFC4D7AB266FB56B00AEB7AD /* ApiClient.swift */ = {isa = PBXFileReference; fileEncoding = 4; lastKnownFileType = sourcecode.swift; path = ApiClient.swift; sourceTree = "<group>"; };
		AFC4D7AC266FB56B00AEB7AD /* Service.swift */ = {isa = PBXFileReference; fileEncoding = 4; lastKnownFileType = sourcecode.swift; path = Service.swift; sourceTree = "<group>"; };
		AFC4D7AF266FB80E00AEB7AD /* CarService.swift */ = {isa = PBXFileReference; lastKnownFileType = sourcecode.swift; path = CarService.swift; sourceTree = "<group>"; };
		AFC4D7B1266FBDB700AEB7AD /* HomeViewModel.swift */ = {isa = PBXFileReference; lastKnownFileType = sourcecode.swift; path = HomeViewModel.swift; sourceTree = "<group>"; };
		AFC4D7B3266FBFC400AEB7AD /* HomeScreen.swift */ = {isa = PBXFileReference; lastKnownFileType = sourcecode.swift; path = HomeScreen.swift; sourceTree = "<group>"; };
		AFE19AB5266FDBB3004ACEDA /* cars.json */ = {isa = PBXFileReference; fileEncoding = 4; lastKnownFileType = text.json; path = cars.json; sourceTree = "<group>"; };
		AFE19AB92670A6DB004ACEDA /* CarDisplay.swift */ = {isa = PBXFileReference; lastKnownFileType = sourcecode.swift; path = CarDisplay.swift; sourceTree = "<group>"; };
		AFE19ABB2670A84A004ACEDA /* RemoteImage.swift */ = {isa = PBXFileReference; lastKnownFileType = sourcecode.swift; path = RemoteImage.swift; sourceTree = "<group>"; };
/* End PBXFileReference section */

/* Begin PBXFrameworksBuildPhase section */
		AFC4D76F266FAF4A00AEB7AD /* Frameworks */ = {
			isa = PBXFrameworksBuildPhase;
			buildActionMask = 2147483647;
			files = (
			);
			runOnlyForDeploymentPostprocessing = 0;
		};
		AFC4D780266FAF4D00AEB7AD /* Frameworks */ = {
			isa = PBXFrameworksBuildPhase;
			buildActionMask = 2147483647;
			files = (
			);
			runOnlyForDeploymentPostprocessing = 0;
		};
		AFC4D78B266FAF4D00AEB7AD /* Frameworks */ = {
			isa = PBXFrameworksBuildPhase;
			buildActionMask = 2147483647;
			files = (
			);
			runOnlyForDeploymentPostprocessing = 0;
		};
/* End PBXFrameworksBuildPhase section */

/* Begin PBXGroup section */
		AF149A44267241BF005072EE /* extensions */ = {
			isa = PBXGroup;
			children = (
				AF149A45267241D9005072EE /* Publishers+keyboardHeight.swift */,
				AF149A4B267279C9005072EE /* TextfieldPlaceholderModifier.swift */,
				AF149A4D26731AC4005072EE /* Color+Assets.swift */,
			);
			path = extensions;
			sourceTree = "<group>";
		};
		AFC4D769266FAF4A00AEB7AD = {
			isa = PBXGroup;
			children = (
				AFC4D774266FAF4A00AEB7AD /* SixtCars */,
				AFC4D786266FAF4D00AEB7AD /* SixtCarsTests */,
				AFC4D791266FAF4D00AEB7AD /* SixtCarsUITests */,
				AFC4D773266FAF4A00AEB7AD /* Products */,
			);
			sourceTree = "<group>";
		};
		AFC4D773266FAF4A00AEB7AD /* Products */ = {
			isa = PBXGroup;
			children = (
				AFC4D772266FAF4A00AEB7AD /* SixtCars.app */,
				AFC4D783266FAF4D00AEB7AD /* SixtCarsTests.xctest */,
				AFC4D78E266FAF4D00AEB7AD /* SixtCarsUITests.xctest */,
			);
			name = Products;
			sourceTree = "<group>";
		};
		AFC4D774266FAF4A00AEB7AD /* SixtCars */ = {
			isa = PBXGroup;
			children = (
				AF149A44267241BF005072EE /* extensions */,
				AFC4D7AA266FB53F00AEB7AD /* networking */,
				AFC4D7A2266FAF9800AEB7AD /* views */,
				AFC4D7A1266FAF8400AEB7AD /* viewmodels */,
				AFC4D7A0266FAF6F00AEB7AD /* models */,
				AFC4D775266FAF4A00AEB7AD /* SixtCarsApp.swift */,
				AFC4D777266FAF4A00AEB7AD /* ContentView.swift */,
				AFC4D779266FAF4D00AEB7AD /* Assets.xcassets */,
				AFC4D77E266FAF4D00AEB7AD /* Info.plist */,
				AFC4D77B266FAF4D00AEB7AD /* Preview Content */,
				AF149A4926727669005072EE /* Colors.xcassets */,
			);
			path = SixtCars;
			sourceTree = "<group>";
		};
		AFC4D77B266FAF4D00AEB7AD /* Preview Content */ = {
			isa = PBXGroup;
			children = (
				AFC4D77C266FAF4D00AEB7AD /* Preview Assets.xcassets */,
			);
			path = "Preview Content";
			sourceTree = "<group>";
		};
		AFC4D786266FAF4D00AEB7AD /* SixtCarsTests */ = {
			isa = PBXGroup;
			children = (
				AFC4D789266FAF4D00AEB7AD /* Info.plist */,
				AF9FF0802674CFC300C3C557 /* carMOTest.swift */,
				AF9FF0832674D16900C3C557 /* CarRepoTest.swift */,
				AF9FF0892674E4B900C3C557 /* viewModelTests.swift */,
			);
			path = SixtCarsTests;
			sourceTree = "<group>";
		};
		AFC4D791266FAF4D00AEB7AD /* SixtCarsUITests */ = {
			isa = PBXGroup;
			children = (
				AFC4D792266FAF4D00AEB7AD /* SixtCarsUITests.swift */,
				AFC4D794266FAF4D00AEB7AD /* Info.plist */,
			);
			path = SixtCarsUITests;
			sourceTree = "<group>";
		};
		AFC4D7A0266FAF6F00AEB7AD /* models */ = {
			isa = PBXGroup;
			children = (
				AFC4D7A5266FB16000AEB7AD /* repository */,
				AFC4D7A3266FAFBF00AEB7AD /* CarMO.swift */,
			);
			path = models;
			sourceTree = "<group>";
		};
		AFC4D7A1266FAF8400AEB7AD /* viewmodels */ = {
			isa = PBXGroup;
			children = (
				AFC4D7B1266FBDB700AEB7AD /* HomeViewModel.swift */,
			);
			path = viewmodels;
			sourceTree = "<group>";
		};
		AFC4D7A2266FAF9800AEB7AD /* views */ = {
			isa = PBXGroup;
			children = (
				AFC4D7B3266FBFC400AEB7AD /* HomeScreen.swift */,
				AFE19AB92670A6DB004ACEDA /* CarDisplay.swift */,
				AFE19ABB2670A84A004ACEDA /* RemoteImage.swift */,
				AF9DF6E826713D8700382ED6 /* BottomSheetView.swift */,
				AF149A422672286E005072EE /* MapView.swift */,
				AF149A4F26731F1A005072EE /* SearchField.swift */,
				AF149A5126732095005072EE /* CarDetailsScreen.swift */,
				AF149A5326733BB7005072EE /* PillsView.swift */,
				AF149A5526735BB8005072EE /* QuickSearchList.swift */,
				AF149A5726737823005072EE /* CarPin.swift */,
			);
			path = views;
			sourceTree = "<group>";
		};
		AFC4D7A5266FB16000AEB7AD /* repository */ = {
			isa = PBXGroup;
			children = (
				AFC4D7A6266FB18D00AEB7AD /* CarRepo.swift */,
			);
			path = repository;
			sourceTree = "<group>";
		};
		AFC4D7AA266FB53F00AEB7AD /* networking */ = {
			isa = PBXGroup;
			children = (
				AFE19AB5266FDBB3004ACEDA /* cars.json */,
				AFC4D7AB266FB56B00AEB7AD /* ApiClient.swift */,
				AFC4D7AC266FB56B00AEB7AD /* Service.swift */,
				AFC4D7AF266FB80E00AEB7AD /* CarService.swift */,
				AF149A4726724670005072EE /* ImageCacheManager.swift */,
			);
			path = networking;
			sourceTree = "<group>";
		};
/* End PBXGroup section */

/* Begin PBXNativeTarget section */
		AFC4D771266FAF4A00AEB7AD /* SixtCars */ = {
			isa = PBXNativeTarget;
			buildConfigurationList = AFC4D797266FAF4D00AEB7AD /* Build configuration list for PBXNativeTarget "SixtCars" */;
			buildPhases = (
				AFC4D76E266FAF4A00AEB7AD /* Sources */,
				AFC4D76F266FAF4A00AEB7AD /* Frameworks */,
				AFC4D770266FAF4A00AEB7AD /* Resources */,
			);
			buildRules = (
			);
			dependencies = (
			);
			name = SixtCars;
			productName = SixtCars;
			productReference = AFC4D772266FAF4A00AEB7AD /* SixtCars.app */;
			productType = "com.apple.product-type.application";
		};
		AFC4D782266FAF4D00AEB7AD /* SixtCarsTests */ = {
			isa = PBXNativeTarget;
			buildConfigurationList = AFC4D79A266FAF4D00AEB7AD /* Build configuration list for PBXNativeTarget "SixtCarsTests" */;
			buildPhases = (
				AFC4D77F266FAF4D00AEB7AD /* Sources */,
				AFC4D780266FAF4D00AEB7AD /* Frameworks */,
				AFC4D781266FAF4D00AEB7AD /* Resources */,
			);
			buildRules = (
			);
			dependencies = (
				AFC4D785266FAF4D00AEB7AD /* PBXTargetDependency */,
			);
			name = SixtCarsTests;
			productName = SixtCarsTests;
			productReference = AFC4D783266FAF4D00AEB7AD /* SixtCarsTests.xctest */;
			productType = "com.apple.product-type.bundle.unit-test";
		};
		AFC4D78D266FAF4D00AEB7AD /* SixtCarsUITests */ = {
			isa = PBXNativeTarget;
			buildConfigurationList = AFC4D79D266FAF4D00AEB7AD /* Build configuration list for PBXNativeTarget "SixtCarsUITests" */;
			buildPhases = (
				AFC4D78A266FAF4D00AEB7AD /* Sources */,
				AFC4D78B266FAF4D00AEB7AD /* Frameworks */,
				AFC4D78C266FAF4D00AEB7AD /* Resources */,
			);
			buildRules = (
			);
			dependencies = (
				AFC4D790266FAF4D00AEB7AD /* PBXTargetDependency */,
			);
			name = SixtCarsUITests;
			productName = SixtCarsUITests;
			productReference = AFC4D78E266FAF4D00AEB7AD /* SixtCarsUITests.xctest */;
			productType = "com.apple.product-type.bundle.ui-testing";
		};
/* End PBXNativeTarget section */

/* Begin PBXProject section */
		AFC4D76A266FAF4A00AEB7AD /* Project object */ = {
			isa = PBXProject;
			attributes = {
				LastSwiftUpdateCheck = 1250;
				LastUpgradeCheck = 1250;
				TargetAttributes = {
					AFC4D771266FAF4A00AEB7AD = {
						CreatedOnToolsVersion = 12.5;
					};
					AFC4D782266FAF4D00AEB7AD = {
						CreatedOnToolsVersion = 12.5;
						TestTargetID = AFC4D771266FAF4A00AEB7AD;
					};
					AFC4D78D266FAF4D00AEB7AD = {
						CreatedOnToolsVersion = 12.5;
						TestTargetID = AFC4D771266FAF4A00AEB7AD;
					};
				};
			};
			buildConfigurationList = AFC4D76D266FAF4A00AEB7AD /* Build configuration list for PBXProject "SixtCars" */;
			compatibilityVersion = "Xcode 9.3";
			developmentRegion = en;
			hasScannedForEncodings = 0;
			knownRegions = (
				en,
				Base,
			);
			mainGroup = AFC4D769266FAF4A00AEB7AD;
			productRefGroup = AFC4D773266FAF4A00AEB7AD /* Products */;
			projectDirPath = "";
			projectRoot = "";
			targets = (
				AFC4D771266FAF4A00AEB7AD /* SixtCars */,
				AFC4D782266FAF4D00AEB7AD /* SixtCarsTests */,
				AFC4D78D266FAF4D00AEB7AD /* SixtCarsUITests */,
			);
		};
/* End PBXProject section */

/* Begin PBXResourcesBuildPhase section */
		AFC4D770266FAF4A00AEB7AD /* Resources */ = {
			isa = PBXResourcesBuildPhase;
			buildActionMask = 2147483647;
			files = (
				AFC4D77D266FAF4D00AEB7AD /* Preview Assets.xcassets in Resources */,
				AF149A4A26727669005072EE /* Colors.xcassets in Resources */,
				AFE19AB6266FDBB3004ACEDA /* cars.json in Resources */,
				AFC4D77A266FAF4D00AEB7AD /* Assets.xcassets in Resources */,
			);
			runOnlyForDeploymentPostprocessing = 0;
		};
		AFC4D781266FAF4D00AEB7AD /* Resources */ = {
			isa = PBXResourcesBuildPhase;
			buildActionMask = 2147483647;
			files = (
			);
			runOnlyForDeploymentPostprocessing = 0;
		};
		AFC4D78C266FAF4D00AEB7AD /* Resources */ = {
			isa = PBXResourcesBuildPhase;
			buildActionMask = 2147483647;
			files = (
			);
			runOnlyForDeploymentPostprocessing = 0;
		};
/* End PBXResourcesBuildPhase section */

/* Begin PBXSourcesBuildPhase section */
		AFC4D76E266FAF4A00AEB7AD /* Sources */ = {
			isa = PBXSourcesBuildPhase;
			buildActionMask = 2147483647;
			files = (
				AF149A5026731F1A005072EE /* SearchField.swift in Sources */,
				AFC4D7A7266FB18D00AEB7AD /* CarRepo.swift in Sources */,
				AFC4D7B0266FB80E00AEB7AD /* CarService.swift in Sources */,
				AF149A4826724670005072EE /* ImageCacheManager.swift in Sources */,
				AF9FF08D2674E61600C3C557 /* HomeScreen.swift in Sources */,
				AF149A5826737823005072EE /* CarPin.swift in Sources */,
				AFC4D778266FAF4A00AEB7AD /* ContentView.swift in Sources */,
				AF149A5426733BB7005072EE /* PillsView.swift in Sources */,
				AFE19ABC2670A84A004ACEDA /* RemoteImage.swift in Sources */,
				AF149A46267241D9005072EE /* Publishers+keyboardHeight.swift in Sources */,
				AF149A4E26731AC4005072EE /* Color+Assets.swift in Sources */,
				AF149A432672286E005072EE /* MapView.swift in Sources */,
				AFC4D7B2266FBDB700AEB7AD /* HomeViewModel.swift in Sources */,
				AF149A4C267279C9005072EE /* TextfieldPlaceholderModifier.swift in Sources */,
				AF149A5226732095005072EE /* CarDetailsScreen.swift in Sources */,
				AFC4D7A4266FAFBF00AEB7AD /* CarMO.swift in Sources */,
				AFC4D7AE266FB56B00AEB7AD /* Service.swift in Sources */,
				AF149A5626735BB8005072EE /* QuickSearchList.swift in Sources */,
				AF9DF6E926713D8700382ED6 /* BottomSheetView.swift in Sources */,
				AFE19ABA2670A6DB004ACEDA /* CarDisplay.swift in Sources */,
				AFC4D776266FAF4A00AEB7AD /* SixtCarsApp.swift in Sources */,
				AFC4D7AD266FB56B00AEB7AD /* ApiClient.swift in Sources */,
			);
			runOnlyForDeploymentPostprocessing = 0;
		};
		AFC4D77F266FAF4D00AEB7AD /* Sources */ = {
			isa = PBXSourcesBuildPhase;
			buildActionMask = 2147483647;
			files = (
				AF9FF0882674D86A00C3C557 /* ApiClient.swift in Sources */,
				AF9FF08F2674E63F00C3C557 /* HomeViewModel.swift in Sources */,
				AF9FF0872674D7C400C3C557 /* CarService.swift in Sources */,
				AF9FF0852674D1C600C3C557 /* CarRepo.swift in Sources */,
				AF9FF0842674D16900C3C557 /* CarRepoTest.swift in Sources */,
				AF9FF0862674D22100C3C557 /* Service.swift in Sources */,
				AF9FF0822674D05D00C3C557 /* CarMO.swift in Sources */,
				AF9FF08A2674E4B900C3C557 /* viewModelTests.swift in Sources */,
				AF9FF0812674CFC300C3C557 /* carMOTest.swift in Sources */,
			);
			runOnlyForDeploymentPostprocessing = 0;
		};
		AFC4D78A266FAF4D00AEB7AD /* Sources */ = {
			isa = PBXSourcesBuildPhase;
			buildActionMask = 2147483647;
			files = (
				AFC4D793266FAF4D00AEB7AD /* SixtCarsUITests.swift in Sources */,
			);
			runOnlyForDeploymentPostprocessing = 0;
		};
/* End PBXSourcesBuildPhase section */

/* Begin PBXTargetDependency section */
		AFC4D785266FAF4D00AEB7AD /* PBXTargetDependency */ = {
			isa = PBXTargetDependency;
			target = AFC4D771266FAF4A00AEB7AD /* SixtCars */;
			targetProxy = AFC4D784266FAF4D00AEB7AD /* PBXContainerItemProxy */;
		};
		AFC4D790266FAF4D00AEB7AD /* PBXTargetDependency */ = {
			isa = PBXTargetDependency;
			target = AFC4D771266FAF4A00AEB7AD /* SixtCars */;
			targetProxy = AFC4D78F266FAF4D00AEB7AD /* PBXContainerItemProxy */;
		};
/* End PBXTargetDependency section */

/* Begin XCBuildConfiguration section */
		AFC4D795266FAF4D00AEB7AD /* Debug */ = {
			isa = XCBuildConfiguration;
			buildSettings = {
				ALWAYS_SEARCH_USER_PATHS = NO;
				CLANG_ANALYZER_NONNULL = YES;
				CLANG_ANALYZER_NUMBER_OBJECT_CONVERSION = YES_AGGRESSIVE;
				CLANG_CXX_LANGUAGE_STANDARD = "gnu++14";
				CLANG_CXX_LIBRARY = "libc++";
				CLANG_ENABLE_MODULES = YES;
				CLANG_ENABLE_OBJC_ARC = YES;
				CLANG_ENABLE_OBJC_WEAK = YES;
				CLANG_WARN_BLOCK_CAPTURE_AUTORELEASING = YES;
				CLANG_WARN_BOOL_CONVERSION = YES;
				CLANG_WARN_COMMA = YES;
				CLANG_WARN_CONSTANT_CONVERSION = YES;
				CLANG_WARN_DEPRECATED_OBJC_IMPLEMENTATIONS = YES;
				CLANG_WARN_DIRECT_OBJC_ISA_USAGE = YES_ERROR;
				CLANG_WARN_DOCUMENTATION_COMMENTS = YES;
				CLANG_WARN_EMPTY_BODY = YES;
				CLANG_WARN_ENUM_CONVERSION = YES;
				CLANG_WARN_INFINITE_RECURSION = YES;
				CLANG_WARN_INT_CONVERSION = YES;
				CLANG_WARN_NON_LITERAL_NULL_CONVERSION = YES;
				CLANG_WARN_OBJC_IMPLICIT_RETAIN_SELF = YES;
				CLANG_WARN_OBJC_LITERAL_CONVERSION = YES;
				CLANG_WARN_OBJC_ROOT_CLASS = YES_ERROR;
				CLANG_WARN_QUOTED_INCLUDE_IN_FRAMEWORK_HEADER = YES;
				CLANG_WARN_RANGE_LOOP_ANALYSIS = YES;
				CLANG_WARN_STRICT_PROTOTYPES = YES;
				CLANG_WARN_SUSPICIOUS_MOVE = YES;
				CLANG_WARN_UNGUARDED_AVAILABILITY = YES_AGGRESSIVE;
				CLANG_WARN_UNREACHABLE_CODE = YES;
				CLANG_WARN__DUPLICATE_METHOD_MATCH = YES;
				COPY_PHASE_STRIP = NO;
				DEBUG_INFORMATION_FORMAT = dwarf;
				ENABLE_STRICT_OBJC_MSGSEND = YES;
				ENABLE_TESTABILITY = YES;
				GCC_C_LANGUAGE_STANDARD = gnu11;
				GCC_DYNAMIC_NO_PIC = NO;
				GCC_NO_COMMON_BLOCKS = YES;
				GCC_OPTIMIZATION_LEVEL = 0;
				GCC_PREPROCESSOR_DEFINITIONS = (
					"DEBUG=1",
					"$(inherited)",
				);
				GCC_WARN_64_TO_32_BIT_CONVERSION = YES;
				GCC_WARN_ABOUT_RETURN_TYPE = YES_ERROR;
				GCC_WARN_UNDECLARED_SELECTOR = YES;
				GCC_WARN_UNINITIALIZED_AUTOS = YES_AGGRESSIVE;
				GCC_WARN_UNUSED_FUNCTION = YES;
				GCC_WARN_UNUSED_VARIABLE = YES;
				IPHONEOS_DEPLOYMENT_TARGET = 14.5;
				MTL_ENABLE_DEBUG_INFO = INCLUDE_SOURCE;
				MTL_FAST_MATH = YES;
				ONLY_ACTIVE_ARCH = YES;
				SDKROOT = iphoneos;
				SWIFT_ACTIVE_COMPILATION_CONDITIONS = DEBUG;
				SWIFT_OPTIMIZATION_LEVEL = "-Onone";
			};
			name = Debug;
		};
		AFC4D796266FAF4D00AEB7AD /* Release */ = {
			isa = XCBuildConfiguration;
			buildSettings = {
				ALWAYS_SEARCH_USER_PATHS = NO;
				CLANG_ANALYZER_NONNULL = YES;
				CLANG_ANALYZER_NUMBER_OBJECT_CONVERSION = YES_AGGRESSIVE;
				CLANG_CXX_LANGUAGE_STANDARD = "gnu++14";
				CLANG_CXX_LIBRARY = "libc++";
				CLANG_ENABLE_MODULES = YES;
				CLANG_ENABLE_OBJC_ARC = YES;
				CLANG_ENABLE_OBJC_WEAK = YES;
				CLANG_WARN_BLOCK_CAPTURE_AUTORELEASING = YES;
				CLANG_WARN_BOOL_CONVERSION = YES;
				CLANG_WARN_COMMA = YES;
				CLANG_WARN_CONSTANT_CONVERSION = YES;
				CLANG_WARN_DEPRECATED_OBJC_IMPLEMENTATIONS = YES;
				CLANG_WARN_DIRECT_OBJC_ISA_USAGE = YES_ERROR;
				CLANG_WARN_DOCUMENTATION_COMMENTS = YES;
				CLANG_WARN_EMPTY_BODY = YES;
				CLANG_WARN_ENUM_CONVERSION = YES;
				CLANG_WARN_INFINITE_RECURSION = YES;
				CLANG_WARN_INT_CONVERSION = YES;
				CLANG_WARN_NON_LITERAL_NULL_CONVERSION = YES;
				CLANG_WARN_OBJC_IMPLICIT_RETAIN_SELF = YES;
				CLANG_WARN_OBJC_LITERAL_CONVERSION = YES;
				CLANG_WARN_OBJC_ROOT_CLASS = YES_ERROR;
				CLANG_WARN_QUOTED_INCLUDE_IN_FRAMEWORK_HEADER = YES;
				CLANG_WARN_RANGE_LOOP_ANALYSIS = YES;
				CLANG_WARN_STRICT_PROTOTYPES = YES;
				CLANG_WARN_SUSPICIOUS_MOVE = YES;
				CLANG_WARN_UNGUARDED_AVAILABILITY = YES_AGGRESSIVE;
				CLANG_WARN_UNREACHABLE_CODE = YES;
				CLANG_WARN__DUPLICATE_METHOD_MATCH = YES;
				COPY_PHASE_STRIP = NO;
				DEBUG_INFORMATION_FORMAT = "dwarf-with-dsym";
				ENABLE_NS_ASSERTIONS = NO;
				ENABLE_STRICT_OBJC_MSGSEND = YES;
				GCC_C_LANGUAGE_STANDARD = gnu11;
				GCC_NO_COMMON_BLOCKS = YES;
				GCC_WARN_64_TO_32_BIT_CONVERSION = YES;
				GCC_WARN_ABOUT_RETURN_TYPE = YES_ERROR;
				GCC_WARN_UNDECLARED_SELECTOR = YES;
				GCC_WARN_UNINITIALIZED_AUTOS = YES_AGGRESSIVE;
				GCC_WARN_UNUSED_FUNCTION = YES;
				GCC_WARN_UNUSED_VARIABLE = YES;
				IPHONEOS_DEPLOYMENT_TARGET = 14.5;
				MTL_ENABLE_DEBUG_INFO = NO;
				MTL_FAST_MATH = YES;
				SDKROOT = iphoneos;
				SWIFT_COMPILATION_MODE = wholemodule;
				SWIFT_OPTIMIZATION_LEVEL = "-O";
				VALIDATE_PRODUCT = YES;
			};
			name = Release;
		};
		AFC4D798266FAF4D00AEB7AD /* Debug */ = {
			isa = XCBuildConfiguration;
			buildSettings = {
				ASSETCATALOG_COMPILER_APPICON_NAME = AppIcon;
				ASSETCATALOG_COMPILER_GLOBAL_ACCENT_COLOR_NAME = AccentColor;
				CODE_SIGN_STYLE = Automatic;
				DEVELOPMENT_ASSET_PATHS = "\"SixtCars/Preview Content\"";
				DEVELOPMENT_TEAM = 6Z8N82JCTV;
				ENABLE_PREVIEWS = YES;
				INFOPLIST_FILE = SixtCars/Info.plist;
				IPHONEOS_DEPLOYMENT_TARGET = 14.0;
				LD_RUNPATH_SEARCH_PATHS = (
					"$(inherited)",
					"@executable_path/Frameworks",
				);
				PRODUCT_BUNDLE_IDENTIFIER = com.apps.rikesh.SixtCars;
				PRODUCT_NAME = "$(TARGET_NAME)";
				SWIFT_VERSION = 5.0;
				TARGETED_DEVICE_FAMILY = "1,2";
			};
			name = Debug;
		};
		AFC4D799266FAF4D00AEB7AD /* Release */ = {
			isa = XCBuildConfiguration;
			buildSettings = {
				ASSETCATALOG_COMPILER_APPICON_NAME = AppIcon;
				ASSETCATALOG_COMPILER_GLOBAL_ACCENT_COLOR_NAME = AccentColor;
				CODE_SIGN_STYLE = Automatic;
				DEVELOPMENT_ASSET_PATHS = "\"SixtCars/Preview Content\"";
				DEVELOPMENT_TEAM = 6Z8N82JCTV;
				ENABLE_PREVIEWS = YES;
				INFOPLIST_FILE = SixtCars/Info.plist;
				IPHONEOS_DEPLOYMENT_TARGET = 14.0;
				LD_RUNPATH_SEARCH_PATHS = (
					"$(inherited)",
					"@executable_path/Frameworks",
				);
				PRODUCT_BUNDLE_IDENTIFIER = com.apps.rikesh.SixtCars;
				PRODUCT_NAME = "$(TARGET_NAME)";
				SWIFT_VERSION = 5.0;
				TARGETED_DEVICE_FAMILY = "1,2";
			};
			name = Release;
		};
		AFC4D79B266FAF4D00AEB7AD /* Debug */ = {
			isa = XCBuildConfiguration;
			buildSettings = {
				ALWAYS_EMBED_SWIFT_STANDARD_LIBRARIES = YES;
				BUNDLE_LOADER = "$(TEST_HOST)";
				CODE_SIGN_STYLE = Automatic;
				DEVELOPMENT_TEAM = 6Z8N82JCTV;
				INFOPLIST_FILE = SixtCarsTests/Info.plist;
				IPHONEOS_DEPLOYMENT_TARGET = 14.0;
				LD_RUNPATH_SEARCH_PATHS = (
					"$(inherited)",
					"@executable_path/Frameworks",
					"@loader_path/Frameworks",
				);
				PRODUCT_BUNDLE_IDENTIFIER = com.apps.rikesh.SixtCarsTests;
				PRODUCT_NAME = "$(TARGET_NAME)";
				SWIFT_VERSION = 5.0;
				TARGETED_DEVICE_FAMILY = "1,2";
				TEST_HOST = "$(BUILT_PRODUCTS_DIR)/SixtCars.app/SixtCars";
			};
			name = Debug;
		};
		AFC4D79C266FAF4D00AEB7AD /* Release */ = {
			isa = XCBuildConfiguration;
			buildSettings = {
				ALWAYS_EMBED_SWIFT_STANDARD_LIBRARIES = YES;
				BUNDLE_LOADER = "$(TEST_HOST)";
				CODE_SIGN_STYLE = Automatic;
				DEVELOPMENT_TEAM = 6Z8N82JCTV;
				INFOPLIST_FILE = SixtCarsTests/Info.plist;
				IPHONEOS_DEPLOYMENT_TARGET = 14.0;
				LD_RUNPATH_SEARCH_PATHS = (
					"$(inherited)",
					"@executable_path/Frameworks",
					"@loader_path/Frameworks",
				);
				PRODUCT_BUNDLE_IDENTIFIER = com.apps.rikesh.SixtCarsTests;
				PRODUCT_NAME = "$(TARGET_NAME)";
				SWIFT_VERSION = 5.0;
				TARGETED_DEVICE_FAMILY = "1,2";
				TEST_HOST = "$(BUILT_PRODUCTS_DIR)/SixtCars.app/SixtCars";
			};
			name = Release;
		};
		AFC4D79E266FAF4D00AEB7AD /* Debug */ = {
			isa = XCBuildConfiguration;
			buildSettings = {
				ALWAYS_EMBED_SWIFT_STANDARD_LIBRARIES = YES;
				CODE_SIGN_STYLE = Automatic;
				DEVELOPMENT_TEAM = 6Z8N82JCTV;
				INFOPLIST_FILE = SixtCarsUITests/Info.plist;
				LD_RUNPATH_SEARCH_PATHS = (
					"$(inherited)",
					"@executable_path/Frameworks",
					"@loader_path/Frameworks",
				);
				PRODUCT_BUNDLE_IDENTIFIER = com.apps.rikesh.SixtCarsUITests;
				PRODUCT_NAME = "$(TARGET_NAME)";
				SWIFT_VERSION = 5.0;
				TARGETED_DEVICE_FAMILY = "1,2";
				TEST_TARGET_NAME = SixtCars;
			};
			name = Debug;
		};
		AFC4D79F266FAF4D00AEB7AD /* Release */ = {
			isa = XCBuildConfiguration;
			buildSettings = {
				ALWAYS_EMBED_SWIFT_STANDARD_LIBRARIES = YES;
				CODE_SIGN_STYLE = Automatic;
				DEVELOPMENT_TEAM = 6Z8N82JCTV;
				INFOPLIST_FILE = SixtCarsUITests/Info.plist;
				LD_RUNPATH_SEARCH_PATHS = (
					"$(inherited)",
					"@executable_path/Frameworks",
					"@loader_path/Frameworks",
				);
				PRODUCT_BUNDLE_IDENTIFIER = com.apps.rikesh.SixtCarsUITests;
				PRODUCT_NAME = "$(TARGET_NAME)";
				SWIFT_VERSION = 5.0;
				TARGETED_DEVICE_FAMILY = "1,2";
				TEST_TARGET_NAME = SixtCars;
			};
			name = Release;
		};
/* End XCBuildConfiguration section */

/* Begin XCConfigurationList section */
		AFC4D76D266FAF4A00AEB7AD /* Build configuration list for PBXProject "SixtCars" */ = {
			isa = XCConfigurationList;
			buildConfigurations = (
				AFC4D795266FAF4D00AEB7AD /* Debug */,
				AFC4D796266FAF4D00AEB7AD /* Release */,
			);
			defaultConfigurationIsVisible = 0;
			defaultConfigurationName = Release;
		};
		AFC4D797266FAF4D00AEB7AD /* Build configuration list for PBXNativeTarget "SixtCars" */ = {
			isa = XCConfigurationList;
			buildConfigurations = (
				AFC4D798266FAF4D00AEB7AD /* Debug */,
				AFC4D799266FAF4D00AEB7AD /* Release */,
			);
			defaultConfigurationIsVisible = 0;
			defaultConfigurationName = Release;
		};
		AFC4D79A266FAF4D00AEB7AD /* Build configuration list for PBXNativeTarget "SixtCarsTests" */ = {
			isa = XCConfigurationList;
			buildConfigurations = (
				AFC4D79B266FAF4D00AEB7AD /* Debug */,
				AFC4D79C266FAF4D00AEB7AD /* Release */,
			);
			defaultConfigurationIsVisible = 0;
			defaultConfigurationName = Release;
		};
		AFC4D79D266FAF4D00AEB7AD /* Build configuration list for PBXNativeTarget "SixtCarsUITests" */ = {
			isa = XCConfigurationList;
			buildConfigurations = (
				AFC4D79E266FAF4D00AEB7AD /* Debug */,
				AFC4D79F266FAF4D00AEB7AD /* Release */,
			);
			defaultConfigurationIsVisible = 0;
			defaultConfigurationName = Release;
		};
/* End XCConfigurationList section */
	};
	rootObject = AFC4D76A266FAF4A00AEB7AD /* Project object */;
}
